// !$*UTF8*$!
{
	archiveVersion = 1;
	classes = {
	};
	objectVersion = 54;
	objects = {

/* Begin PBXAggregateTarget section */
		33CC111A2044C6BA0003C045 /* Flutter Assemble */ = {
			isa = PBXAggregateTarget;
			buildConfigurationList = 33CC111B2044C6BA0003C045 /* Build configuration list for PBXAggregateTarget "Flutter Assemble" */;
			buildPhases = (
				33CC111E2044C6BF0003C045 /* ShellScript */,
			);
			dependencies = (
			);
			name = "Flutter Assemble";
			productName = FLX;
		};
/* End PBXAggregateTarget section */

/* Begin PBXBuildFile section */
		331C80D8294CF71000263BE5 /* RunnerTests.swift in Sources */ = {isa = PBXBuildFile; fileRef = 331C80D7294CF71000263BE5 /* RunnerTests.swift */; };
		335BBD1B22A9A15E00E9071D /* GeneratedPluginRegistrant.swift in Sources */ = {isa = PBXBuildFile; fileRef = 335BBD1A22A9A15E00E9071D /* GeneratedPluginRegistrant.swift */; };
		33CC10F12044A3C60003C045 /* AppDelegate.swift in Sources */ = {isa = PBXBuildFile; fileRef = 33CC10F02044A3C60003C045 /* AppDelegate.swift */; };
		33CC10F32044A3C60003C045 /* Assets.xcassets in Resources */ = {isa = PBXBuildFile; fileRef = 33CC10F22044A3C60003C045 /* Assets.xcassets */; };
		33CC10F62044A3C60003C045 /* MainMenu.xib in Resources */ = {isa = PBXBuildFile; fileRef = 33CC10F42044A3C60003C045 /* MainMenu.xib */; };
		33CC11132044BFA00003C045 /* MainFlutterWindow.swift in Sources */ = {isa = PBXBuildFile; fileRef = 33CC11122044BFA00003C045 /* MainFlutterWindow.swift */; };
		39BC0785BA821E4D5FE4546D /* Pods_RunnerTests.framework in Frameworks */ = {isa = PBXBuildFile; fileRef = 8DE6B16A4851EE827C839B23 /* Pods_RunnerTests.framework */; };
		D881EC7E6B2989BBF3A4A4E2 /* Pods_Runner.framework in Frameworks */ = {isa = PBXBuildFile; fileRef = 3DD0644E13BEFFD6BF6A08B7 /* Pods_Runner.framework */; };
		E787E8942F66B2D1004FF72A /* GoogleService-Info.plist in Resources */ = {isa = PBXBuildFile; fileRef = E787E8932F66B2D1004FF72A /* GoogleService-Info.plist */; };
/* End PBXBuildFile section */

/* Begin PBXContainerItemProxy section */
		331C80D9294CF71000263BE5 /* PBXContainerItemProxy */ = {
			isa = PBXContainerItemProxy;
			containerPortal = 33CC10E52044A3C60003C045 /* Project object */;
			proxyType = 1;
			remoteGlobalIDString = 33CC10EC2044A3C60003C045;
			remoteInfo = Runner;
		};
		33CC111F2044C79F0003C045 /* PBXContainerItemProxy */ = {
			isa = PBXContainerItemProxy;
			containerPortal = 33CC10E52044A3C60003C045 /* Project object */;
			proxyType = 1;
			remoteGlobalIDString = 33CC111A2044C6BA0003C045;
			remoteInfo = FLX;
		};
/* End PBXContainerItemProxy section */

/* Begin PBXCopyFilesBuildPhase section */
		33CC110E2044A8840003C045 /* Bundle Framework */ = {
			isa = PBXCopyFilesBuildPhase;
			buildActionMask = 2147483647;
			dstPath = "";
			dstSubfolderSpec = 10;
			files = (
			);
			name = "Bundle Framework";
			runOnlyForDeploymentPostprocessing = 0;
		};
/* End PBXCopyFilesBuildPhase section */

/* Begin PBXFileReference section */
		331C80D5294CF71000263BE5 /* RunnerTests.xctest */ = {isa = PBXFileReference; explicitFileType = wrapper.cfbundle; includeInIndex = 0; path = RunnerTests.xctest; sourceTree = BUILT_PRODUCTS_DIR; };
		331C80D7294CF71000263BE5 /* RunnerTests.swift */ = {isa = PBXFileReference; lastKnownFileType = sourcecode.swift; path = RunnerTests.swift; sourceTree = "<group>"; };
		333000ED22D3DE5D00554162 /* Warnings.xcconfig */ = {isa = PBXFileReference; lastKnownFileType = text.xcconfig; path = Warnings.xcconfig; sourceTree = "<group>"; };
		3333B69370F84ED24CC3B383 /* Pods-Runner.release.xcconfig */ = {isa = PBXFileReference; includeInIndex = 1; lastKnownFileType = text.xcconfig; name = "Pods-Runner.release.xcconfig"; path = "Target Support Files/Pods-Runner/Pods-Runner.release.xcconfig"; sourceTree = "<group>"; };
		335BBD1A22A9A15E00E9071D /* GeneratedPluginRegistrant.swift */ = {isa = PBXFileReference; fileEncoding = 4; lastKnownFileType = sourcecode.swift; path = GeneratedPluginRegistrant.swift; sourceTree = "<group>"; };
		33CC10ED2044A3C60003C045 /* emlakmaster_mobile.app */ = {isa = PBXFileReference; explicitFileType = wrapper.application; includeInIndex = 0; path = emlakmaster_mobile.app; sourceTree = BUILT_PRODUCTS_DIR; };
		33CC10F02044A3C60003C045 /* AppDelegate.swift */ = {isa = PBXFileReference; lastKnownFileType = sourcecode.swift; path = AppDelegate.swift; sourceTree = "<group>"; };
		33CC10F22044A3C60003C045 /* Assets.xcassets */ = {isa = PBXFileReference; lastKnownFileType = folder.assetcatalog; name = Assets.xcassets; path = Runner/Assets.xcassets; sourceTree = "<group>"; };
		33CC10F52044A3C60003C045 /* Base */ = {isa = PBXFileReference; lastKnownFileType = file.xib; name = Base; path = Base.lproj/MainMenu.xib; sourceTree = "<group>"; };
		33CC10F72044A3C60003C045 /* Info.plist */ = {isa = PBXFileReference; lastKnownFileType = text.plist.xml; name = Info.plist; path = Runner/Info.plist; sourceTree = "<group>"; };
		33CC11122044BFA00003C045 /* MainFlutterWindow.swift */ = {isa = PBXFileReference; lastKnownFileType = sourcecode.swift; path = MainFlutterWindow.swift; sourceTree = "<group>"; };
		33CEB47222A05771004F2AC0 /* Flutter-Debug.xcconfig */ = {isa = PBXFileReference; lastKnownFileType = text.xcconfig; path = "Flutter-Debug.xcconfig"; sourceTree = "<group>"; };
		33CEB47422A05771004F2AC0 /* Flutter-Release.xcconfig */ = {isa = PBXFileReference; lastKnownFileType = text.xcconfig; path = "Flutter-Release.xcconfig"; sourceTree = "<group>"; };
		33CEB47722A0578A004F2AC0 /* Flutter-Generated.xcconfig */ = {isa = PBXFileReference; lastKnownFileType = text.xcconfig; name = "Flutter-Generated.xcconfig"; path = "ephemeral/Flutter-Generated.xcconfig"; sourceTree = "<group>"; };
		33E51913231747F40026EE4D /* DebugProfile.entitlements */ = {isa = PBXFileReference; lastKnownFileType = text.plist.entitlements; path = DebugProfile.entitlements; sourceTree = "<group>"; };
		33E51914231749380026EE4D /* Release.entitlements */ = {isa = PBXFileReference; fileEncoding = 4; lastKnownFileType = text.plist.entitlements; path = Release.entitlements; sourceTree = "<group>"; };
		33E5194F232828860026EE4D /* AppInfo.xcconfig */ = {isa = PBXFileReference; lastKnownFileType = text.xcconfig; path = AppInfo.xcconfig; sourceTree = "<group>"; };
		33E51950232828860026EE4E /* AppInfo-Debug.xcconfig */ = {isa = PBXFileReference; lastKnownFileType = text.xcconfig; path = "AppInfo-Debug.xcconfig"; sourceTree = "<group>"; };
		33E51951232828860026EE4F /* AppInfo-Profile.xcconfig */ = {isa = PBXFileReference; lastKnownFileType = text.xcconfig; path = "AppInfo-Profile.xcconfig"; sourceTree = "<group>"; };
		33E51952232828860026EE50 /* AppInfo-Release.xcconfig */ = {isa = PBXFileReference; lastKnownFileType = text.xcconfig; path = "AppInfo-Release.xcconfig"; sourceTree = "<group>"; };
		3DD0644E13BEFFD6BF6A08B7 /* Pods_Runner.framework */ = {isa = PBXFileReference; explicitFileType = wrapper.framework; includeInIndex = 0; path = Pods_Runner.framework; sourceTree = BUILT_PRODUCTS_DIR; };
		5E5E058D0C36DC62E43CD1C5 /* Pods-RunnerTests.release.xcconfig */ = {isa = PBXFileReference; includeInIndex = 1; lastKnownFileType = text.xcconfig; name = "Pods-RunnerTests.release.xcconfig"; path = "Target Support Files/Pods-RunnerTests/Pods-RunnerTests.release.xcconfig"; sourceTree = "<group>"; };
		6EF9A67036612E366B7956CF /* Pods-Runner.profile.xcconfig */ = {isa = PBXFileReference; includeInIndex = 1; lastKnownFileType = text.xcconfig; name = "Pods-Runner.profile.xcconfig"; path = "Target Support Files/Pods-Runner/Pods-Runner.profile.xcconfig"; sourceTree = "<group>"; };
		6F2A3D3002285D23924946C2 /* Pods-RunnerTests.debug.xcconfig */ = {isa = PBXFileReference; includeInIndex = 1; lastKnownFileType = text.xcconfig; name = "Pods-RunnerTests.debug.xcconfig"; path = "Target Support Files/Pods-RunnerTests/Pods-RunnerTests.debug.xcconfig"; sourceTree = "<group>"; };
		7AFA3C8E1D35360C0083082E /* Release.xcconfig */ = {isa = PBXFileReference; lastKnownFileType = text.xcconfig; path = Release.xcconfig; sourceTree = "<group>"; };
		8709276AA9C5C8E57BAF3D4C /* Pods-Runner.debug.xcconfig */ = {isa = PBXFileReference; includeInIndex = 1; lastKnownFileType = text.xcconfig; name = "Pods-Runner.debug.xcconfig"; path = "Target Support Files/Pods-Runner/Pods-Runner.debug.xcconfig"; sourceTree = "<group>"; };
		8DE6B16A4851EE827C839B23 /* Pods_RunnerTests.framework */ = {isa = PBXFileReference; explicitFileType = wrapper.framework; includeInIndex = 0; path = Pods_RunnerTests.framework; sourceTree = BUILT_PRODUCTS_DIR; };
		9740EEB21CF90195004384FC /* Debug.xcconfig */ = {isa = PBXFileReference; fileEncoding = 4; lastKnownFileType = text.xcconfig; path = Debug.xcconfig; sourceTree = "<group>"; };
		E787E8932F66B2D1004FF72A /* GoogleService-Info.plist */ = {isa = PBXFileReference; lastKnownFileType = text.plist.xml; name = "GoogleService-Info.plist"; path = "Runner/GoogleService-Info.plist"; sourceTree = "<group>"; };
		F9AB4D3F503C06FCAD6A436D /* Pods-RunnerTests.profile.xcconfig */ = {isa = PBXFileReference; includeInIndex = 1; lastKnownFileType = text.xcconfig; name = "Pods-RunnerTests.profile.xcconfig"; path = "Target Support Files/Pods-RunnerTests/Pods-RunnerTests.profile.xcconfig"; sourceTree = "<group>"; };
/* End PBXFileReference section */

/* Begin PBXFrameworksBuildPhase section */
		331C80D2294CF70F00263BE5 /* Frameworks */ = {
			isa = PBXFrameworksBuildPhase;
			buildActionMask = 2147483647;
			files = (
				39BC0785BA821E4D5FE4546D /* Pods_RunnerTests.framework in Frameworks */,
			);
			runOnlyForDeploymentPostprocessing = 0;
		};
		33CC10EA2044A3C60003C045 /* Frameworks */ = {
			isa = PBXFrameworksBuildPhase;
			buildActionMask = 2147483647;
			files = (
				D881EC7E6B2989BBF3A4A4E2 /* Pods_Runner.framework in Frameworks */,
			);
			runOnlyForDeploymentPostprocessing = 0;
		};
/* End PBXFrameworksBuildPhase section */

/* Begin PBXGroup section */
		331C80D6294CF71000263BE5 /* RunnerTests */ = {
			isa = PBXGroup;
			children = (
				331C80D7294CF71000263BE5 /* RunnerTests.swift */,
			);
			path = RunnerTests;
			sourceTree = "<group>";
		};
		33BA886A226E78AF003329D5 /* Configs */ = {
			isa = PBXGroup;
			children = (
				33E5194F232828860026EE4D /* AppInfo.xcconfig */,
				33E51950232828860026EE4E /* AppInfo-Debug.xcconfig */,
				33E51951232828860026EE4F /* AppInfo-Profile.xcconfig */,
				33E51952232828860026EE50 /* AppInfo-Release.xcconfig */,
				9740EEB21CF90195004384FC /* Debug.xcconfig */,
				7AFA3C8E1D35360C0083082E /* Release.xcconfig */,
				333000ED22D3DE5D00554162 /* Warnings.xcconfig */,
			);
			path = Configs;
			sourceTree = "<group>";
		};
		33CC10E42044A3C60003C045 = {
			isa = PBXGroup;
			children = (
				E787E8932F66B2D1004FF72A /* GoogleService-Info.plist */,
				33FAB671232836740065AC1E /* Runner */,
				33CEB47122A05771004F2AC0 /* Flutter */,
				331C80D6294CF71000263BE5 /* RunnerTests */,
				33CC10EE2044A3C60003C045 /* Products */,
				D73912EC22F37F3D000D13A0 /* Frameworks */,
				CDA21E9FF88670EBC32D8893 /* Pods */,
			);
			sourceTree = "<group>";
		};
		33CC10EE2044A3C60003C045 /* Products */ = {
			isa = PBXGroup;
			children = (
				33CC10ED2044A3C60003C045 /* emlakmaster_mobile.app */,
				331C80D5294CF71000263BE5 /* RunnerTests.xctest */,
			);
			name = Products;
			sourceTree = "<group>";
		};
		33CC11242044D66E0003C045 /* Resources */ = {
			isa = PBXGroup;
			children = (
				33CC10F22044A3C60003C045 /* Assets.xcassets */,
				33CC10F42044A3C60003C045 /* MainMenu.xib */,
				33CC10F72044A3C60003C045 /* Info.plist */,
			);
			name = Resources;
			path = ..;
			sourceTree = "<group>";
		};
		33CEB47122A05771004F2AC0 /* Flutter */ = {
			isa = PBXGroup;
			children = (
				335BBD1A22A9A15E00E9071D /* GeneratedPluginRegistrant.swift */,
				33CEB47222A05771004F2AC0 /* Flutter-Debug.xcconfig */,
				33CEB47422A05771004F2AC0 /* Flutter-Release.xcconfig */,
				33CEB47722A0578A004F2AC0 /* Flutter-Generated.xcconfig */,
			);
			path = Flutter;
			sourceTree = "<group>";
		};
		33FAB671232836740065AC1E /* Runner */ = {
			isa = PBXGroup;
			children = (
				33CC10F02044A3C60003C045 /* AppDelegate.swift */,
				33CC11122044BFA00003C045 /* MainFlutterWindow.swift */,
				33E51913231747F40026EE4D /* DebugProfile.entitlements */,
				33E51914231749380026EE4D /* Release.entitlements */,
				33CC11242044D66E0003C045 /* Resources */,
				33BA886A226E78AF003329D5 /* Configs */,
			);
			path = Runner;
			sourceTree = "<group>";
		};
		CDA21E9FF88670EBC32D8893 /* Pods */ = {
			isa = PBXGroup;
			children = (
				8709276AA9C5C8E57BAF3D4C /* Pods-Runner.debug.xcconfig */,
				3333B69370F84ED24CC3B383 /* Pods-Runner.release.xcconfig */,
				6EF9A67036612E366B7956CF /* Pods-Runner.profile.xcconfig */,
				6F2A3D3002285D23924946C2 /* Pods-RunnerTests.debug.xcconfig */,
				5E5E058D0C36DC62E43CD1C5 /* Pods-RunnerTests.release.xcconfig */,
				F9AB4D3F503C06FCAD6A436D /* Pods-RunnerTests.profile.xcconfig */,
			);
			path = Pods;
			sourceTree = "<group>";
		};
		D73912EC22F37F3D000D13A0 /* Frameworks */ = {
			isa = PBXGroup;
			children = (
				3DD0644E13BEFFD6BF6A08B7 /* Pods_Runner.framework */,
				8DE6B16A4851EE827C839B23 /* Pods_RunnerTests.framework */,
			);
			name = Frameworks;
			sourceTree = "<group>";
		};
/* End PBXGroup section */

/* Begin PBXNativeTarget section */
		331C80D4294CF70F00263BE5 /* RunnerTests */ = {
			isa = PBXNativeTarget;
			buildConfigurationList = 331C80DE294CF71000263BE5 /* Build configuration list for PBXNativeTarget "RunnerTests" */;
			buildPhases = (
				53143B47835C0ECCC1C67769 /* [CP] Check Pods Manifest.lock */,
				331C80D1294CF70F00263BE5 /* Sources */,
				331C80D2294CF70F00263BE5 /* Frameworks */,
				331C80D3294CF70F00263BE5 /* Resources */,
				E7BEB2D92F66A4F800965F54 /* Strip Extended Attributes */,
			);
			buildRules = (
			);
			dependencies = (
				331C80DA294CF71000263BE5 /* PBXTargetDependency */,
			);
			name = RunnerTests;
			productName = RunnerTests;
			productReference = 331C80D5294CF71000263BE5 /* RunnerTests.xctest */;
			productType = "com.apple.product-type.bundle.unit-test";
		};
		33CC10EC2044A3C60003C045 /* Runner */ = {
			isa = PBXNativeTarget;
			buildConfigurationList = 33CC10FB2044A3C60003C045 /* Build configuration list for PBXNativeTarget "Runner" */;
			buildPhases = (
				9307F542A92082ABA5C3CBE8 /* [CP] Check Pods Manifest.lock */,
				B1C0D4E5F6A7B8C9D0E1F2A3 /* Pre-clean Pods and Build */,
				33CC10E92044A3C60003C045 /* Sources */,
				33CC10EA2044A3C60003C045 /* Frameworks */,
				33CC10EB2044A3C60003C045 /* Resources */,
				33CC110E2044A8840003C045 /* Bundle Framework */,
				F1E7A4B3C2D1098F76543210 /* Fix native_assets before Flutter embed */,
				3399D490228B24CF009A79C7 /* ShellScript */,
				11BBF61DFF82433544C026C9 /* [CP] Embed Pods Frameworks */,
				F6625186D1DDB5022725EAEA /* [CP] Copy Pods Resources */,
				C70A63449FB3BEA4E7C1A5AC /* Strip Extended Attributes */,
				B95FC69AE8547871D4F76128 /* FlutterFire: "flutterfire upload-crashlytics-symbols" */,
			);
			buildRules = (
			);
			dependencies = (
				33CC11202044C79F0003C045 /* PBXTargetDependency */,
			);
			name = Runner;
			productName = Runner;
			productReference = 33CC10ED2044A3C60003C045 /* emlakmaster_mobile.app */;
			productType = "com.apple.product-type.application";
		};
/* End PBXNativeTarget section */

/* Begin PBXProject section */
		33CC10E52044A3C60003C045 /* Project object */ = {
			isa = PBXProject;
			attributes = {
				BuildIndependentTargetsInParallel = YES;
				LastSwiftUpdateCheck = 0920;
				LastUpgradeCheck = 1510;
				ORGANIZATIONNAME = "";
				TargetAttributes = {
					331C80D4294CF70F00263BE5 = {
						CreatedOnToolsVersion = 14.0;
						TestTargetID = 33CC10EC2044A3C60003C045;
					};
					33CC10EC2044A3C60003C045 = {
						CreatedOnToolsVersion = 9.2;
						LastSwiftMigration = 1100;
						ProvisioningStyle = Automatic;
						SystemCapabilities = {
							com.apple.Sandbox = {
								enabled = 1;
							};
						};
					};
					33CC111A2044C6BA0003C045 = {
						CreatedOnToolsVersion = 9.2;
						ProvisioningStyle = Manual;
					};
				};
			};
			buildConfigurationList = 33CC10E82044A3C60003C045 /* Build configuration list for PBXProject "Runner" */;
			compatibilityVersion = "Xcode 9.3";
			developmentRegion = en;
			hasScannedForEncodings = 0;
			knownRegions = (
				en,
				Base,
			);
			mainGroup = 33CC10E42044A3C60003C045;
			productRefGroup = 33CC10EE2044A3C60003C045 /* Products */;
			projectDirPath = "";
			projectRoot = "";
			targets = (
				33CC10EC2044A3C60003C045 /* Runner */,
				331C80D4294CF70F00263BE5 /* RunnerTests */,
				33CC111A2044C6BA0003C045 /* Flutter Assemble */,
			);
		};
/* End PBXProject section */

/* Begin PBXResourcesBuildPhase section */
		331C80D3294CF70F00263BE5 /* Resources */ = {
			isa = PBXResourcesBuildPhase;
			buildActionMask = 2147483647;
			files = (
			);
			runOnlyForDeploymentPostprocessing = 0;
		};
		33CC10EB2044A3C60003C045 /* Resources */ = {
			isa = PBXResourcesBuildPhase;
			buildActionMask = 2147483647;
			files = (
				E787E8942F66B2D1004FF72A /* GoogleService-Info.plist in Resources */,
				33CC10F32044A3C60003C045 /* Assets.xcassets in Resources */,
				33CC10F62044A3C60003C045 /* MainMenu.xib in Resources */,
			);
			runOnlyForDeploymentPostprocessing = 0;
		};
/* End PBXResourcesBuildPhase section */

/* Begin PBXShellScriptBuildPhase section */
		11BBF61DFF82433544C026C9 /* [CP] Embed Pods Frameworks */ = {
			isa = PBXShellScriptBuildPhase;
			buildActionMask = 2147483647;
			files = (
			);
			inputFileListPaths = (
				"${PODS_ROOT}/Target Support Files/Pods-Runner/Pods-Runner-frameworks-${CONFIGURATION}-input-files.xcfilelist",
			);
			name = "[CP] Embed Pods Frameworks";
			outputFileListPaths = (
				"${PODS_ROOT}/Target Support Files/Pods-Runner/Pods-Runner-frameworks-${CONFIGURATION}-output-files.xcfilelist",
			);
			runOnlyForDeploymentPostprocessing = 0;
			shellPath = /bin/sh;
			shellScript = "\"${PODS_ROOT}/Target Support Files/Pods-Runner/Pods-Runner-frameworks.sh\"\n";
			showEnvVarsInLog = 0;
		};
		3399D490228B24CF009A79C7 /* ShellScript */ = {
			isa = PBXShellScriptBuildPhase;
			alwaysOutOfDate = 1;
			buildActionMask = 2147483647;
			files = (
			);
			inputFileListPaths = (
			);
			inputPaths = (
			);
			outputFileListPaths = (
			);
			outputPaths = (
			);
			runOnlyForDeploymentPostprocessing = 0;
			shellPath = /bin/sh;
			shellScript = "echo \"$PRODUCT_NAME.app\" > \"$PROJECT_DIR\"/Flutter/ephemeral/.app_filename && \"$FLUTTER_ROOT\"/packages/flutter_tools/bin/macos_assemble.sh embed\n";
		};
		33CC111E2044C6BF0003C045 /* ShellScript */ = {
			isa = PBXShellScriptBuildPhase;
			buildActionMask = 2147483647;
			files = (
			);
			inputFileListPaths = (
				Flutter/ephemeral/FlutterInputs.xcfilelist,
			);
			inputPaths = (
				Flutter/ephemeral/tripwire,
			);
			outputFileListPaths = (
				Flutter/ephemeral/FlutterOutputs.xcfilelist,
			);
			outputPaths = (
			);
			runOnlyForDeploymentPostprocessing = 0;
			shellPath = /bin/sh;
			shellScript = "\"$FLUTTER_ROOT\"/packages/flutter_tools/bin/macos_assemble.sh && touch Flutter/ephemeral/tripwire";
		};
		53143B47835C0ECCC1C67769 /* [CP] Check Pods Manifest.lock */ = {
			isa = PBXShellScriptBuildPhase;
			buildActionMask = 2147483647;
			files = (
			);
			inputFileListPaths = (
			);
			inputPaths = (
				"${PODS_PODFILE_DIR_PATH}/Podfile.lock",
				"${PODS_ROOT}/Manifest.lock",
			);
			name = "[CP] Check Pods Manifest.lock";
			outputFileListPaths = (
			);
			outputPaths = (
				"$(DERIVED_FILE_DIR)/Pods-RunnerTests-checkManifestLockResult.txt",
			);
			runOnlyForDeploymentPostprocessing = 0;
			shellPath = /bin/sh;
			shellScript = "diff \"${PODS_PODFILE_DIR_PATH}/Podfile.lock\" \"${PODS_ROOT}/Manifest.lock\" > /dev/null\nif [ $? != 0 ] ; then\n    # print error to STDERR\n    echo \"error: The sandbox is not in sync with the Podfile.lock. Run 'pod install' or update your CocoaPods installation.\" >&2\n    exit 1\nfi\n# This output is used by Xcode 'outputs' to avoid re-running this script phase.\necho \"SUCCESS\" > \"${SCRIPT_OUTPUT_FILE_0}\"\n";
			showEnvVarsInLog = 0;
		};
		9307F542A92082ABA5C3CBE8 /* [CP] Check Pods Manifest.lock */ = {
			isa = PBXShellScriptBuildPhase;
			buildActionMask = 2147483647;
			files = (
			);
			inputFileListPaths = (
			);
			inputPaths = (
				"${PODS_PODFILE_DIR_PATH}/Podfile.lock",
				"${PODS_ROOT}/Manifest.lock",
			);
			name = "[CP] Check Pods Manifest.lock";
			outputFileListPaths = (
			);
			outputPaths = (
				"$(DERIVED_FILE_DIR)/Pods-Runner-checkManifestLockResult.txt",
			);
			runOnlyForDeploymentPostprocessing = 0;
			shellPath = /bin/sh;
			shellScript = "diff \"${PODS_PODFILE_DIR_PATH}/Podfile.lock\" \"${PODS_ROOT}/Manifest.lock\" > /dev/null\nif [ $? != 0 ] ; then\n    # print error to STDERR\n    echo \"error: The sandbox is not in sync with the Podfile.lock. Run 'pod install' or update your CocoaPods installation.\" >&2\n    exit 1\nfi\n# This output is used by Xcode 'outputs' to avoid re-running this script phase.\necho \"SUCCESS\" > \"${SCRIPT_OUTPUT_FILE_0}\"\n";
			showEnvVarsInLog = 0;
		};
		B1C0D4E5F6A7B8C9D0E1F2A3 /* Pre-clean Pods and Build */ = {
			isa = PBXShellScriptBuildPhase;
			buildActionMask = 2147483647;
			files = (
			);
			inputFileListPaths = (
			);
			inputPaths = (
			);
			name = "Pre-clean Pods and Build";
			outputFileListPaths = (
			);
			outputPaths = (
			);
			runOnlyForDeploymentPostprocessing = 0;
			shellPath = /bin/sh;
			shellScript = "cd \"${SRCROOT}\" 2>/dev/null || true\nif [ -d \"Pods\" ]; then /usr/bin/xattr -cr Pods 2>/dev/null || true; /usr/bin/dot_clean Pods 2>/dev/null || true; fi\nif [ -d \"../build\" ]; then /usr/bin/xattr -cr ../build 2>/dev/null || true; /usr/bin/dot_clean ../build 2>/dev/null || true; fi\n";
		};
		B95FC69AE8547871D4F76128 /* FlutterFire: "flutterfire upload-crashlytics-symbols" */ = {
			isa = PBXShellScriptBuildPhase;
			buildActionMask = 2147483647;
			files = (
			);
			inputFileListPaths = (
			);
			inputPaths = (
			);
			name = "FlutterFire: \"flutterfire upload-crashlytics-symbols\"";
			outputFileListPaths = (
			);
			outputPaths = (
			);
			runOnlyForDeploymentPostprocessing = 0;
			shellPath = /bin/sh;
			shellScript = "\n#!/bin/bash\nPATH=\"${PATH}:$FLUTTER_ROOT/bin:${PUB_CACHE}/bin:$HOME/.pub-cache/bin\"\n\nif [ -z \"$PODS_ROOT\" ] || [ ! -d \"$PODS_ROOT/FirebaseCrashlytics\" ]; then\n  # Cannot use \"BUILD_DIR%/Build/*\" as per Firebase documentation, it points to \"flutter-project/build/ios/*\" path which doesn't have run script\n  DERIVED_DATA_PATH=$(echo \"$BUILD_ROOT\" | sed -E 's|(.*DerivedData/[^/]+).*|\\1|')\n  PATH_TO_CRASHLYTICS_UPLOAD_SCRIPT=\"${DERIVED_DATA_PATH}/SourcePackages/checkouts/firebase-ios-sdk/Crashlytics/run\"\nelse\n  PATH_TO_CRASHLYTICS_UPLOAD_SCRIPT=\"$PODS_ROOT/FirebaseCrashlytics/run\"\nfi\n\n# Command to upload symbols script used to upload symbols to Firebase server\nflutterfire upload-crashlytics-symbols --upload-symbols-script-path=\"$PATH_TO_CRASHLYTICS_UPLOAD_SCRIPT\" --platform=macos --apple-project-path=\"${SRCROOT}\" --env-platform-name=\"${PLATFORM_NAME}\" --env-configuration=\"${CONFIGURATION}\" --env-project-dir=\"${PROJECT_DIR}\" --env-built-products-dir=\"${BUILT_PRODUCTS_DIR}\" --env-dwarf-dsym-folder-path=\"${DWARF_DSYM_FOLDER_PATH}\" --env-dwarf-dsym-file-name=\"${DWARF_DSYM_FILE_NAME}\" --env-infoplist-path=\"${INFOPLIST_PATH}\" --default-config=default\n";
		};
		C70A63449FB3BEA4E7C1A5AC /* Strip Extended Attributes */ = {
			isa = PBXShellScriptBuildPhase;
			buildActionMask = 2147483647;
			files = (
			);
			inputFileListPaths = (
			);
			inputPaths = (
			);
			name = "Strip Extended Attributes";
			outputFileListPaths = (
			);
			outputPaths = (
			);
			runOnlyForDeploymentPostprocessing = 0;
			shellPath = /bin/sh;
			shellScript = "cd \"${SRCROOT}\" 2>/dev/null || true\nAPP=\"\"\nfor P in \"${TARGET_BUILD_DIR}/${WRAPPER_NAME}\" \"${BUILT_PRODUCTS_DIR}/${PRODUCT_NAME}.app\" \"${SRCROOT}/../build/macos/Build/Products/${CONFIGURATION}/${PRODUCT_NAME}.app\" \"${SRCROOT}/../build/macos/Build/Products/Debug/emlakmaster_mobile.app\"; do\n  if [ -n \"$P\" ] && [ \"$P\" != \"/\" ] && [ -d \"$P\" ]; then APP=\"$P\"; break; fi\ndone\nif [ -z \"$APP\" ]; then exit 0; fi\n/usr/bin/xattr -cr \"$APP\" 2>/dev/null || true\n/usr/bin/dot_clean \"$APP\" 2>/dev/null || true\nfind \"$APP\" -print0 2>/dev/null | while IFS= read -r -d '' f; do /usr/bin/xattr -c \"$f\" 2>/dev/null || true; done\n";
		};
		E7BEB2D92F66A4F800965F54 /* Strip Extended Attributes */ = {
			isa = PBXShellScriptBuildPhase;
			buildActionMask = 12;
			files = (
			);
			inputFileListPaths = (
			);
			inputPaths = (
			);
			name = "Strip Extended Attributes";
			outputFileListPaths = (
			);
			outputPaths = (
			);
			runOnlyForDeploymentPostprocessing = 0;
			shellPath = /bin/sh;
			shellScript = "# Type a script or drag a script file from your workspace to insert its path.\nif [ -n \"$BUILT_PRODUCTS_DIR\" ] && [ -n \"$PRODUCT_NAME\" ]; then\n  APP_PATH=\"$BUILT_PRODUCTS_DIR/$PRODUCT_NAME.app\"\n  if [ -d \"$APP_PATH\" ]; then\n    xattr -cr \"$APP_PATH\"\n    echo \"Strip xattr: $APP_PATH\"\n  fi\nfi\n";
		};
		F1E7A4B3C2D1098F76543210 /* Fix native_assets before Flutter embed */ = {
			isa = PBXShellScriptBuildPhase;
			alwaysOutOfDate = 1;
			buildActionMask = 2147483647;
			files = (
			);
			inputFileListPaths = (
			);
			inputPaths = (
			);
			name = "Fix native_assets before Flutter embed";
			outputFileListPaths = (
			);
			outputPaths = (
			);
			runOnlyForDeploymentPostprocessing = 0;
			shellPath = /bin/sh;
			shellScript = "# Flutter macos_assemble embed: boş native_assets/macos iken *.framework glob'u literal kalıp codesign hatası veriyor.\nNA=\"${SRCROOT}/../build/native_assets/macos\"\nif [ -d \"$NA\" ] && ! ls -1 \"$NA\"/*.framework >/dev/null 2>&1; then\n  rm -rf \"$NA\"\nfi\n";
		};
		F6625186D1DDB5022725EAEA /* [CP] Copy Pods Resources */ = {
			isa = PBXShellScriptBuildPhase;
			buildActionMask = 2147483647;
			files = (
			);
			inputFileListPaths = (
				"${PODS_ROOT}/Target Support Files/Pods-Runner/Pods-Runner-resources-${CONFIGURATION}-input-files.xcfilelist",
			);
			name = "[CP] Copy Pods Resources";
			outputFileListPaths = (
				"${PODS_ROOT}/Target Support Files/Pods-Runner/Pods-Runner-resources-${CONFIGURATION}-output-files.xcfilelist",
			);
			runOnlyForDeploymentPostprocessing = 0;
			shellPath = /bin/sh;
			shellScript = "\"${PODS_ROOT}/Target Support Files/Pods-Runner/Pods-Runner-resources.sh\"\n";
			showEnvVarsInLog = 0;
		};
/* End PBXShellScriptBuildPhase section */

/* Begin PBXSourcesBuildPhase section */
		331C80D1294CF70F00263BE5 /* Sources */ = {
			isa = PBXSourcesBuildPhase;
			buildActionMask = 2147483647;
			files = (
				331C80D8294CF71000263BE5 /* RunnerTests.swift in Sources */,
			);
			runOnlyForDeploymentPostprocessing = 0;
		};
		33CC10E92044A3C60003C045 /* Sources */ = {
			isa = PBXSourcesBuildPhase;
			buildActionMask = 2147483647;
			files = (
				33CC11132044BFA00003C045 /* MainFlutterWindow.swift in Sources */,
				33CC10F12044A3C60003C045 /* AppDelegate.swift in Sources */,
				335BBD1B22A9A15E00E9071D /* GeneratedPluginRegistrant.swift in Sources */,
			);
			runOnlyForDeploymentPostprocessing = 0;
		};
/* End PBXSourcesBuildPhase section */

/* Begin PBXTargetDependency section */
		331C80DA294CF71000263BE5 /* PBXTargetDependency */ = {
			isa = PBXTargetDependency;
			target = 33CC10EC2044A3C60003C045 /* Runner */;
			targetProxy = 331C80D9294CF71000263BE5 /* PBXContainerItemProxy */;
		};
		33CC11202044C79F0003C045 /* PBXTargetDependency */ = {
			isa = PBXTargetDependency;
			target = 33CC111A2044C6BA0003C045 /* Flutter Assemble */;
			targetProxy = 33CC111F2044C79F0003C045 /* PBXContainerItemProxy */;
		};
/* End PBXTargetDependency section */

/* Begin PBXVariantGroup section */
		33CC10F42044A3C60003C045 /* MainMenu.xib */ = {
			isa = PBXVariantGroup;
			children = (
				33CC10F52044A3C60003C045 /* Base */,
			);
			name = MainMenu.xib;
			path = Runner;
			sourceTree = "<group>";
		};
/* End PBXVariantGroup section */

/* Begin XCBuildConfiguration section */
		331C80DB294CF71000263BE5 /* Debug */ = {
			isa = XCBuildConfiguration;
			baseConfigurationReference = 6F2A3D3002285D23924946C2 /* Pods-RunnerTests.debug.xcconfig */;
			buildSettings = {
				BUNDLE_LOADER = "$(TEST_HOST)";
				CURRENT_PROJECT_VERSION = 1;
				GENERATE_INFOPLIST_FILE = YES;
				MACOSX_DEPLOYMENT_TARGET = 11.0;
				MARKETING_VERSION = 1.0;
				PRODUCT_BUNDLE_IDENTIFIER = com.example.emlakmasterMobile.RunnerTests;
				PRODUCT_NAME = "$(TARGET_NAME)";
				SWIFT_VERSION = 5.0;
				TEST_HOST = "$(BUILT_PRODUCTS_DIR)/emlakmaster_mobile.app/$(BUNDLE_EXECUTABLE_FOLDER_PATH)/emlakmaster_mobile";
			};
			name = Debug;
		};
		331C80DC294CF71000263BE5 /* Release */ = {
			isa = XCBuildConfiguration;
			baseConfigurationReference = 5E5E058D0C36DC62E43CD1C5 /* Pods-RunnerTests.release.xcconfig */;
			buildSettings = {
				BUNDLE_LOADER = "$(TEST_HOST)";
				CURRENT_PROJECT_VERSION = 1;
				GENERATE_INFOPLIST_FILE = YES;
				MACOSX_DEPLOYMENT_TARGET = 11.0;
				MARKETING_VERSION = 1.0;
				PRODUCT_BUNDLE_IDENTIFIER = com.example.emlakmasterMobile.RunnerTests;
				PRODUCT_NAME = "$(TARGET_NAME)";
				SWIFT_VERSION = 5.0;
				TEST_HOST = "$(BUILT_PRODUCTS_DIR)/emlakmaster_mobile.app/$(BUNDLE_EXECUTABLE_FOLDER_PATH)/emlakmaster_mobile";
			};
			name = Release;
		};
		331C80DD294CF71000263BE5 /* Profile */ = {
			isa = XCBuildConfiguration;
			baseConfigurationReference = F9AB4D3F503C06FCAD6A436D /* Pods-RunnerTests.profile.xcconfig */;
			buildSettings = {
				BUNDLE_LOADER = "$(TEST_HOST)";
				CURRENT_PROJECT_VERSION = 1;
				GENERATE_INFOPLIST_FILE = YES;
				MACOSX_DEPLOYMENT_TARGET = 11.0;
				MARKETING_VERSION = 1.0;
				PRODUCT_BUNDLE_IDENTIFIER = com.example.emlakmasterMobile.RunnerTests;
				PRODUCT_NAME = "$(TARGET_NAME)";
				SWIFT_VERSION = 5.0;
				TEST_HOST = "$(BUILT_PRODUCTS_DIR)/emlakmaster_mobile.app/$(BUNDLE_EXECUTABLE_FOLDER_PATH)/emlakmaster_mobile";
			};
			name = Profile;
		};
		338D0CE9231458BD00FA5F75 /* Profile */ = {
			isa = XCBuildConfiguration;
			baseConfigurationReference = 7AFA3C8E1D35360C0083082E /* Release.xcconfig */;
			buildSettings = {
				ALWAYS_SEARCH_USER_PATHS = NO;
				ASSETCATALOG_COMPILER_GENERATE_SWIFT_ASSET_SYMBOL_EXTENSIONS = YES;
				CLANG_ANALYZER_NONNULL = YES;
				CLANG_ANALYZER_NUMBER_OBJECT_CONVERSION = YES_AGGRESSIVE;
				CLANG_CXX_LANGUAGE_STANDARD = "gnu++14";
				CLANG_CXX_LIBRARY = "libc++";
				CLANG_ENABLE_MODULES = YES;
				CLANG_ENABLE_OBJC_ARC = YES;
				CLANG_WARN_BLOCK_CAPTURE_AUTORELEASING = YES;
				CLANG_WARN_BOOL_CONVERSION = YES;
				CLANG_WARN_CONSTANT_CONVERSION = YES;
				CLANG_WARN_DEPRECATED_OBJC_IMPLEMENTATIONS = YES;
				CLANG_WARN_DIRECT_OBJC_ISA_USAGE = YES_ERROR;
				CLANG_WARN_DOCUMENTATION_COMMENTS = YES;
				CLANG_WARN_EMPTY_BODY = YES;
				CLANG_WARN_ENUM_CONVERSION = YES;
				CLANG_WARN_INFINITE_RECURSION = YES;
				CLANG_WARN_INT_CONVERSION = YES;
				CLANG_WARN_NON_LITERAL_NULL_CONVERSION = YES;
				CLANG_WARN_OBJC_LITERAL_CONVERSION = YES;
				CLANG_WARN_OBJC_ROOT_CLASS = YES_ERROR;
				CLANG_WARN_RANGE_LOOP_ANALYSIS = YES;
				CLANG_WARN_SUSPICIOUS_MOVE = YES;
				CODE_SIGN_IDENTITY = "-";
				COPY_PHASE_STRIP = NO;
				DEAD_CODE_STRIPPING = YES;
				DEBUG_INFORMATION_FORMAT = "dwarf-with-dsym";
				ENABLE_NS_ASSERTIONS = NO;
				ENABLE_STRICT_OBJC_MSGSEND = YES;
				ENABLE_USER_SCRIPT_SANDBOXING = NO;
				GCC_C_LANGUAGE_STANDARD = gnu11;
				GCC_NO_COMMON_BLOCKS = YES;
				GCC_WARN_64_TO_32_BIT_CONVERSION = YES;
				GCC_WARN_ABOUT_RETURN_TYPE = YES_ERROR;
				GCC_WARN_UNINITIALIZED_AUTOS = YES_AGGRESSIVE;
				GCC_WARN_UNUSED_FUNCTION = YES;
				GCC_WARN_UNUSED_VARIABLE = YES;
				MACOSX_DEPLOYMENT_TARGET = 10.15;
				MTL_ENABLE_DEBUG_INFO = NO;
				SDKROOT = macosx;
				STRING_CATALOG_GENERATE_SYMBOLS = YES;
				SWIFT_COMPILATION_MODE = wholemodule;
				SWIFT_OPTIMIZATION_LEVEL = "-O";
			};
			name = Profile;
		};
		338D0CEA231458BD00FA5F75 /* Profile */ = {
			isa = XCBuildConfiguration;
			baseConfigurationReference = 33E51951232828860026EE4F /* AppInfo-Profile.xcconfig */;
			buildSettings = {
				ASSETCATALOG_COMPILER_APPICON_NAME = AppIcon;
				CLANG_ENABLE_MODULES = YES;
				CODE_SIGN_ENTITLEMENTS = Runner/DebugProfile.entitlements;
				"CODE_SIGN_IDENTITY[sdk=macosx*]" = "Apple Development";
				CODE_SIGN_STYLE = Automatic;
				COMBINE_HIDPI_IMAGES = YES;
				DEVELOPMENT_TEAM = FJ2A2DKJB9;
				ENABLE_APP_SANDBOX = YES;
				ENABLE_INCOMING_NETWORK_CONNECTIONS = YES;
				ENABLE_OUTGOING_NETWORK_CONNECTIONS = YES;
				ENABLE_RESOURCE_ACCESS_AUDIO_INPUT = NO;
				ENABLE_RESOURCE_ACCESS_BLUETOOTH = NO;
				ENABLE_RESOURCE_ACCESS_CALENDARS = NO;
				ENABLE_RESOURCE_ACCESS_CAMERA = NO;
				ENABLE_RESOURCE_ACCESS_CONTACTS = NO;
				ENABLE_RESOURCE_ACCESS_LOCATION = NO;
				ENABLE_RESOURCE_ACCESS_PRINTING = NO;
				ENABLE_RESOURCE_ACCESS_USB = NO;
				INFOPLIST_FILE = Runner/Info.plist;
				LD_RUNPATH_SEARCH_PATHS = (
					"$(inherited)",
					"@executable_path/../Frameworks",
				);
				MACOSX_DEPLOYMENT_TARGET = 11.0;
				PROVISIONING_PROFILE_SPECIFIER = "";
				RUNTIME_EXCEPTION_ALLOW_JIT = YES;
				SWIFT_VERSION = 5.0;
			};
			name = Profile;
		};
		338D0CEB231458BD00FA5F75 /* Profile */ = {
			isa = XCBuildConfiguration;
			buildSettings = {
				CODE_SIGN_STYLE = Manual;
				MACOSX_DEPLOYMENT_TARGET = 11.0;
				PRODUCT_NAME = "$(TARGET_NAME)";
			};
			name = Profile;
		};
		33CC10F92044A3C60003C045 /* Debug */ = {
			isa = XCBuildConfiguration;
			baseConfigurationReference = 9740EEB21CF90195004384FC /* Debug.xcconfig */;
			buildSettings = {
				ALWAYS_SEARCH_USER_PATHS = NO;
				ASSETCATALOG_COMPILER_GENERATE_SWIFT_ASSET_SYMBOL_EXTENSIONS = YES;
				CLANG_ANALYZER_NONNULL = YES;
				CLANG_ANALYZER_NUMBER_OBJECT_CONVERSION = YES_AGGRESSIVE;
				CLANG_CXX_LANGUAGE_STANDARD = "gnu++14";
				CLANG_CXX_LIBRARY = "libc++";
				CLANG_ENABLE_MODULES = YES;
				CLANG_ENABLE_OBJC_ARC = YES;
				CLANG_WARN_BLOCK_CAPTURE_AUTORELEASING = YES;
				CLANG_WARN_BOOL_CONVERSION = YES;
				CLANG_WARN_CONSTANT_CONVERSION = YES;
				CLANG_WARN_DEPRECATED_OBJC_IMPLEMENTATIONS = YES;
				CLANG_WARN_DIRECT_OBJC_ISA_USAGE = YES_ERROR;
				CLANG_WARN_DOCUMENTATION_COMMENTS = YES;
				CLANG_WARN_EMPTY_BODY = YES;
				CLANG_WARN_ENUM_CONVERSION = YES;
				CLANG_WARN_INFINITE_RECURSION = YES;
				CLANG_WARN_INT_CONVERSION = YES;
				CLANG_WARN_NON_LITERAL_NULL_CONVERSION = YES;
				CLANG_WARN_OBJC_LITERAL_CONVERSION = YES;
				CLANG_WARN_OBJC_ROOT_CLASS = YES_ERROR;
				CLANG_WARN_RANGE_LOOP_ANALYSIS = YES;
				CLANG_WARN_SUSPICIOUS_MOVE = YES;
				CODE_SIGN_IDENTITY = "-";
				COPY_PHASE_STRIP = NO;
				DEAD_CODE_STRIPPING = YES;
				DEBUG_INFORMATION_FORMAT = dwarf;
				ENABLE_STRICT_OBJC_MSGSEND = YES;
				ENABLE_TESTABILITY = YES;
				ENABLE_USER_SCRIPT_SANDBOXING = NO;
				GCC_C_LANGUAGE_STANDARD = gnu11;
				GCC_DYNAMIC_NO_PIC = NO;
				GCC_NO_COMMON_BLOCKS = YES;
				GCC_OPTIMIZATION_LEVEL = 0;
				GCC_PREPROCESSOR_DEFINITIONS = (
					"DEBUG=1",
					"$(inherited)",
				);
				GCC_WARN_64_TO_32_BIT_CONVERSION = YES;
				GCC_WARN_ABOUT_RETURN_TYPE = YES_ERROR;
				GCC_WARN_UNINITIALIZED_AUTOS = YES_AGGRESSIVE;
				GCC_WARN_UNUSED_FUNCTION = YES;
				GCC_WARN_UNUSED_VARIABLE = YES;
				MACOSX_DEPLOYMENT_TARGET = 10.15;
				MTL_ENABLE_DEBUG_INFO = YES;
				ONLY_ACTIVE_ARCH = YES;
				SDKROOT = macosx;
				STRING_CATALOG_GENERATE_SYMBOLS = YES;
				SWIFT_ACTIVE_COMPILATION_CONDITIONS = DEBUG;
				SWIFT_OPTIMIZATION_LEVEL = "-Onone";
			};
			name = Debug;
		};
		33CC10FA2044A3C60003C045 /* Release */ = {
			isa = XCBuildConfiguration;
			baseConfigurationReference = 7AFA3C8E1D35360C0083082E /* Release.xcconfig */;
			buildSettings = {
				ALWAYS_SEARCH_USER_PATHS = NO;
				ASSETCATALOG_COMPILER_GENERATE_SWIFT_ASSET_SYMBOL_EXTENSIONS = YES;
				CLANG_ANALYZER_NONNULL = YES;
				CLANG_ANALYZER_NUMBER_OBJECT_CONVERSION = YES_AGGRESSIVE;
				CLANG_CXX_LANGUAGE_STANDARD = "gnu++14";
				CLANG_CXX_LIBRARY = "libc++";
				CLANG_ENABLE_MODULES = YES;
				CLANG_ENABLE_OBJC_ARC = YES;
				CLANG_WARN_BLOCK_CAPTURE_AUTORELEASING = YES;
				CLANG_WARN_BOOL_CONVERSION = YES;
				CLANG_WARN_CONSTANT_CONVERSION = YES;
				CLANG_WARN_DEPRECATED_OBJC_IMPLEMENTATIONS = YES;
				CLANG_WARN_DIRECT_OBJC_ISA_USAGE = YES_ERROR;
				CLANG_WARN_DOCUMENTATION_COMMENTS = YES;
				CLANG_WARN_EMPTY_BODY = YES;
				CLANG_WARN_ENUM_CONVERSION = YES;
				CLANG_WARN_INFINITE_RECURSION = YES;
				CLANG_WARN_INT_CONVERSION = YES;
				CLANG_WARN_NON_LITERAL_NULL_CONVERSION = YES;
				CLANG_WARN_OBJC_LITERAL_CONVERSION = YES;
				CLANG_WARN_OBJC_ROOT_CLASS = YES_ERROR;
				CLANG_WARN_RANGE_LOOP_ANALYSIS = YES;
				CLANG_WARN_SUSPICIOUS_MOVE = YES;
				CODE_SIGN_IDENTITY = "-";
				COPY_PHASE_STRIP = NO;
				DEAD_CODE_STRIPPING = YES;
				DEBUG_INFORMATION_FORMAT = "dwarf-with-dsym";
				ENABLE_NS_ASSERTIONS = NO;
				ENABLE_STRICT_OBJC_MSGSEND = YES;
				ENABLE_USER_SCRIPT_SANDBOXING = NO;
				GCC_C_LANGUAGE_STANDARD = gnu11;
				GCC_NO_COMMON_BLOCKS = YES;
				GCC_WARN_64_TO_32_BIT_CONVERSION = YES;
				GCC_WARN_ABOUT_RETURN_TYPE = YES_ERROR;
				GCC_WARN_UNINITIALIZED_AUTOS = YES_AGGRESSIVE;
				GCC_WARN_UNUSED_FUNCTION = YES;
				GCC_WARN_UNUSED_VARIABLE = YES;
				MACOSX_DEPLOYMENT_TARGET = 10.15;
				MTL_ENABLE_DEBUG_INFO = NO;
				SDKROOT = macosx;
				STRING_CATALOG_GENERATE_SYMBOLS = YES;
				SWIFT_COMPILATION_MODE = wholemodule;
				SWIFT_OPTIMIZATION_LEVEL = "-O";
			};
			name = Release;
		};
		33CC10FC2044A3C60003C045 /* Debug */ = {
			isa = XCBuildConfiguration;
			baseConfigurationReference = 33E51950232828860026EE4E /* AppInfo-Debug.xcconfig */;
			buildSettings = {
				ASSETCATALOG_COMPILER_APPICON_NAME = AppIcon;
				CLANG_ENABLE_MODULES = YES;
				CODE_SIGN_ENTITLEMENTS = Runner/DebugProfile.entitlements;
				"CODE_SIGN_IDENTITY[sdk=macosx*]" = "Apple Development";
				CODE_SIGN_STYLE = Automatic;
				COMBINE_HIDPI_IMAGES = YES;
				DEVELOPMENT_TEAM = FJ2A2DKJB9;
				ENABLE_APP_SANDBOX = YES;
				ENABLE_INCOMING_NETWORK_CONNECTIONS = YES;
				ENABLE_OUTGOING_NETWORK_CONNECTIONS = YES;
				ENABLE_RESOURCE_ACCESS_AUDIO_INPUT = NO;
				ENABLE_RESOURCE_ACCESS_BLUETOOTH = NO;
				ENABLE_RESOURCE_ACCESS_CALENDARS = NO;
				ENABLE_RESOURCE_ACCESS_CAMERA = NO;
				ENABLE_RESOURCE_ACCESS_CONTACTS = NO;
				ENABLE_RESOURCE_ACCESS_LOCATION = NO;
				ENABLE_RESOURCE_ACCESS_PRINTING = NO;
				ENABLE_RESOURCE_ACCESS_USB = NO;
				INFOPLIST_FILE = Runner/Info.plist;
				LD_RUNPATH_SEARCH_PATHS = (
					"$(inherited)",
					"@executable_path/../Frameworks",
				);
				MACOSX_DEPLOYMENT_TARGET = 11.0;
				PROVISIONING_PROFILE_SPECIFIER = "";
				RUNTIME_EXCEPTION_ALLOW_JIT = YES;
				SWIFT_OPTIMIZATION_LEVEL = "-Onone";
				SWIFT_VERSION = 5.0;
			};
			name = Debug;
		};
		33CC10FD2044A3C60003C045 /* Release */ = {
			isa = XCBuildConfiguration;
			baseConfigurationReference = 33E51952232828860026EE50 /* AppInfo-Release.xcconfig */;
			buildSettings = {
				ASSETCATALOG_COMPILER_APPICON_NAME = AppIcon;
				CLANG_ENABLE_MODULES = YES;
				CODE_SIGN_ENTITLEMENTS = Runner/Release.entitlements;
				"CODE_SIGN_IDENTITY[sdk=macosx*]" = "Apple Development";
				CODE_SIGN_STYLE = Automatic;
				COMBINE_HIDPI_IMAGES = YES;
				DEVELOPMENT_TEAM = FJ2A2DKJB9;
				ENABLE_APP_SANDBOX = YES;
				ENABLE_INCOMING_NETWORK_CONNECTIONS = YES;
				ENABLE_OUTGOING_NETWORK_CONNECTIONS = YES;
				ENABLE_RESOURCE_ACCESS_AUDIO_INPUT = NO;
				ENABLE_RESOURCE_ACCESS_BLUETOOTH = NO;
				ENABLE_RESOURCE_ACCESS_CALENDARS = NO;
				ENABLE_RESOURCE_ACCESS_CAMERA = NO;
				ENABLE_RESOURCE_ACCESS_CONTACTS = NO;
				ENABLE_RESOURCE_ACCESS_LOCATION = NO;
				ENABLE_RESOURCE_ACCESS_PRINTING = NO;
				ENABLE_RESOURCE_ACCESS_USB = NO;
				INFOPLIST_FILE = Runner/Info.plist;
				LD_RUNPATH_SEARCH_PATHS = (
					"$(inherited)",
					"@executable_path/../Frameworks",
				);
				MACOSX_DEPLOYMENT_TARGET = 11.0;
				PROVISIONING_PROFILE_SPECIFIER = "";
				RUNTIME_EXCEPTION_ALLOW_JIT = YES;
				SWIFT_VERSION = 5.0;
			};
			name = Release;
		};
		33CC111C2044C6BA0003C045 /* Debug */ = {
			isa = XCBuildConfiguration;
			buildSettings = {
				CODE_SIGN_STYLE = Manual;
				MACOSX_DEPLOYMENT_TARGET = 11.0;
				PRODUCT_NAME = "$(TARGET_NAME)";
			};
			name = Debug;
		};
		33CC111D2044C6BA0003C045 /* Release */ = {
			isa = XCBuildConfiguration;
			buildSettings = {
				CODE_SIGN_STYLE = Automatic;
				MACOSX_DEPLOYMENT_TARGET = 11.0;
				PRODUCT_NAME = "$(TARGET_NAME)";
			};
			name = Release;
		};
/* End XCBuildConfiguration section */

/* Begin XCConfigurationList section */
		331C80DE294CF71000263BE5 /* Build configuration list for PBXNativeTarget "RunnerTests" */ = {
			isa = XCConfigurationList;
			buildConfigurations = (
				331C80DB294CF71000263BE5 /* Debug */,
				331C80DC294CF71000263BE5 /* Release */,
				331C80DD294CF71000263BE5 /* Profile */,
			);
			defaultConfigurationIsVisible = 0;
			defaultConfigurationName = Release;
		};
		33CC10E82044A3C60003C045 /* Build configuration list for PBXProject "Runner" */ = {
			isa = XCConfigurationList;
			buildConfigurations = (
				33CC10F92044A3C60003C045 /* Debug */,
				33CC10FA2044A3C60003C045 /* Release */,
				338D0CE9231458BD00FA5F75 /* Profile */,
			);
			defaultConfigurationIsVisible = 0;
			defaultConfigurationName = Release;
		};
		33CC10FB2044A3C60003C045 /* Build configuration list for PBXNativeTarget "Runner" */ = {
			isa = XCConfigurationList;
			buildConfigurations = (
				33CC10FC2044A3C60003C045 /* Debug */,
				33CC10FD2044A3C60003C045 /* Release */,
				338D0CEA231458BD00FA5F75 /* Profile */,
			);
			defaultConfigurationIsVisible = 0;
			defaultConfigurationName = Release;
		};
		33CC111B2044C6BA0003C045 /* Build configuration list for PBXAggregateTarget "Flutter Assemble" */ = {
			isa = XCConfigurationList;
			buildConfigurations = (
				33CC111C2044C6BA0003C045 /* Debug */,
				33CC111D2044C6BA0003C045 /* Release */,
				338D0CEB231458BD00FA5F75 /* Profile */,
			);
			defaultConfigurationIsVisible = 0;
			defaultConfigurationName = Release;
		};
/* End XCConfigurationList section */
	};
	rootObject = 33CC10E52044A3C60003C045 /* Project object */;
}
